
Microsoft Visual Studio Solution File, Format Version 12.00
# Visual Studio Version 17
VisualStudioVersion = 17.2.32526.322
MinimumVisualStudioVersion = 10.0.40219.1
Project("{F184B08F-C81C-45F6-A57F-5ABD9991F28F}") = "intconversion", "intconversion\intconversion.vbproj", "{437740AD-5383-4BDD-837A-FA46CD26BF66}"
EndProject
Global
	GlobalSection(SolutionConfigurationPlatforms) = preSolution
		Debug|Any CPU = Debug|Any CPU
		Release|Any CPU = Release|Any CPU
	EndGlobalSection
	GlobalSection(ProjectConfigurationPlatforms) = postSolution
		{437740AD-5383-4BDD-837A-FA46CD26BF66}.Debug|Any CPU.ActiveCfg = Debug|Any CPU
		{437740AD-5383-4BDD-837A-FA46CD26BF66}.Debug|Any CPU.Build.0 = Debug|Any CPU
		{437740AD-5383-4BDD-837A-FA46CD26BF66}.Release|Any CPU.ActiveCfg = Release|Any CPU
		{437740AD-5383-4BDD-837A-FA46CD26BF66}.Release|Any CPU.Build.0 = Release|Any CPU
	EndGlobalSection
	GlobalSection(SolutionProperties) = preSolution
		HideSolutionNode = FALSE
	EndGlobalSection
	GlobalSection(ExtensibilityGlobals) = postSolution
		SolutionGuid = {725BBE62-973E-4F8B-8509-31E3E9A20544}
	EndGlobalSection
EndGlobal
