
Microsoft Visual Studio Solution File, Format Version 12.00
# Visual Studio Version 17
VisualStudioVersion = 17.2.32526.322
MinimumVisualStudioVersion = 10.0.40219.1
Project("{F184B08F-C81C-45F6-A57F-5ABD9991F28F}") = "RecordsPupilsProblem", "RecordsPupilsProblem\RecordsPupilsProblem.vbproj", "{2C12D84F-41A4-48E4-937D-39FBE9B78918}"
EndProject
Global
	GlobalSection(SolutionConfigurationPlatforms) = preSolution
		Debug|Any CPU = Debug|Any CPU
		Release|Any CPU = Release|Any CPU
	EndGlobalSection
	GlobalSection(ProjectConfigurationPlatforms) = postSolution
		{2C12D84F-41A4-48E4-937D-39FBE9B78918}.Debug|Any CPU.ActiveCfg = Debug|Any CPU
		{2C12D84F-41A4-48E4-937D-39FBE9B78918}.Debug|Any CPU.Build.0 = Debug|Any CPU
		{2C12D84F-41A4-48E4-937D-39FBE9B78918}.Release|Any CPU.ActiveCfg = Release|Any CPU
		{2C12D84F-41A4-48E4-937D-39FBE9B78918}.Release|Any CPU.Build.0 = Release|Any CPU
	EndGlobalSection
	GlobalSection(SolutionProperties) = preSolution
		HideSolutionNode = FALSE
	EndGlobalSection
	GlobalSection(ExtensibilityGlobals) = postSolution
		SolutionGuid = {680A9C01-AB0E-4F95-9F33-DFC01A9058A8}
	EndGlobalSection
EndGlobal
