
Microsoft Visual Studio Solution File, Format Version 12.00
# Visual Studio Version 17
VisualStudioVersion = 17.2.32526.322
MinimumVisualStudioVersion = 10.0.40219.1
Project("{F184B08F-C81C-45F6-A57F-5ABD9991F28F}") = "RedoTVProgs", "RedoTVProgs\RedoTVProgs.vbproj", "{3B5C4654-5CCF-4828-87AF-3AC12BFCC679}"
EndProject
Global
	GlobalSection(SolutionConfigurationPlatforms) = preSolution
		Debug|Any CPU = Debug|Any CPU
		Release|Any CPU = Release|Any CPU
	EndGlobalSection
	GlobalSection(ProjectConfigurationPlatforms) = postSolution
		{3B5C4654-5CCF-4828-87AF-3AC12BFCC679}.Debug|Any CPU.ActiveCfg = Debug|Any CPU
		{3B5C4654-5CCF-4828-87AF-3AC12BFCC679}.Debug|Any CPU.Build.0 = Debug|Any CPU
		{3B5C4654-5CCF-4828-87AF-3AC12BFCC679}.Release|Any CPU.ActiveCfg = Release|Any CPU
		{3B5C4654-5CCF-4828-87AF-3AC12BFCC679}.Release|Any CPU.Build.0 = Release|Any CPU
	EndGlobalSection
	GlobalSection(SolutionProperties) = preSolution
		HideSolutionNode = FALSE
	EndGlobalSection
	GlobalSection(ExtensibilityGlobals) = postSolution
		SolutionGuid = {3277A13A-76BA-4F99-A5A1-40FA888F76EA}
	EndGlobalSection
EndGlobal
