
Microsoft Visual Studio Solution File, Format Version 12.00
# Visual Studio Version 17
VisualStudioVersion = 17.2.32526.322
MinimumVisualStudioVersion = 10.0.40219.1
Project("{F184B08F-C81C-45F6-A57F-5ABD9991F28F}") = "BloodPressure", "BloodPressure\BloodPressure.vbproj", "{8E800E79-6920-4B94-B974-36B44E6EE5AA}"
EndProject
Global
	GlobalSection(SolutionConfigurationPlatforms) = preSolution
		Debug|Any CPU = Debug|Any CPU
		Release|Any CPU = Release|Any CPU
	EndGlobalSection
	GlobalSection(ProjectConfigurationPlatforms) = postSolution
		{8E800E79-6920-4B94-B974-36B44E6EE5AA}.Debug|Any CPU.ActiveCfg = Debug|Any CPU
		{8E800E79-6920-4B94-B974-36B44E6EE5AA}.Debug|Any CPU.Build.0 = Debug|Any CPU
		{8E800E79-6920-4B94-B974-36B44E6EE5AA}.Release|Any CPU.ActiveCfg = Release|Any CPU
		{8E800E79-6920-4B94-B974-36B44E6EE5AA}.Release|Any CPU.Build.0 = Release|Any CPU
	EndGlobalSection
	GlobalSection(SolutionProperties) = preSolution
		HideSolutionNode = FALSE
	EndGlobalSection
	GlobalSection(ExtensibilityGlobals) = postSolution
		SolutionGuid = {8A265C67-72C4-4A9F-B14E-8E9B1C1B8390}
	EndGlobalSection
EndGlobal
